
Microsoft Visual Studio Solution File, Format Version 12.00
# Visual Studio Version 17
VisualStudioVersion = 17.4.33213.308
MinimumVisualStudioVersion = 10.0.40219.1
Project("{FAE04EC0-301F-11D3-BF4B-00C04F79EFBC}") = "SeleniumTestWithoutPom", "Baigiamasis Darbas\SeleniumTestWithoutPom.csproj", "{528C3AF2-9300-409A-AE5B-A30C5C215B26}"
EndProject
Global
	GlobalSection(SolutionConfigurationPlatforms) = preSolution
		Debug|Any CPU = Debug|Any CPU
		Release|Any CPU = Release|Any CPU
	EndGlobalSection
	GlobalSection(ProjectConfigurationPlatforms) = postSolution
		{528C3AF2-9300-409A-AE5B-A30C5C215B26}.Debug|Any CPU.ActiveCfg = Debug|Any CPU
		{528C3AF2-9300-409A-AE5B-A30C5C215B26}.Debug|Any CPU.Build.0 = Debug|Any CPU
		{528C3AF2-9300-409A-AE5B-A30C5C215B26}.Release|Any CPU.ActiveCfg = Release|Any CPU
		{528C3AF2-9300-409A-AE5B-A30C5C215B26}.Release|Any CPU.Build.0 = Release|Any CPU
	EndGlobalSection
	GlobalSection(SolutionProperties) = preSolution
		HideSolutionNode = FALSE
	EndGlobalSection
	GlobalSection(ExtensibilityGlobals) = postSolution
		SolutionGuid = {CBD246B1-D5C4-4843-A4F2-247091428CDE}
	EndGlobalSection
EndGlobal
